{
    "version": 3,
    "terraform_version": "0.11.7",
    "serial": 25,
    "lineage": "d2dda8d9-f71d-7b42-4f27-36212093ef3a",
    "modules": [
        {
            "path": [
                "root"
            ],
            "outputs": {},
            "resources": {
                "aws_instance.tomcat": {
                    "type": "aws_instance",
                    "depends_on": [
                        "aws_security_group.allow_all"
                    ],
                    "primary": {
                        "id": "i-0b6b35b96b7e023e9",
                        "attributes": {
                            "ami": "ami-6a003c0f",
                            "associate_public_ip_address": "true",
                            "availability_zone": "us-east-2c",
                            "credit_specification.#": "1",
                            "credit_specification.0.cpu_credits": "standard",
                            "disable_api_termination": "false",
                            "ebs_block_device.#": "0",
                            "ebs_optimized": "false",
                            "ephemeral_block_device.#": "0",
                            "get_password_data": "false",
                            "iam_instance_profile": "",
                            "id": "i-0b6b35b96b7e023e9",
                            "instance_state": "running",
                            "instance_type": "t2.micro",
                            "ipv6_addresses.#": "0",
                            "key_name": "jenkins1",
                            "monitoring": "false",
                            "network_interface.#": "0",
                            "network_interface_id": "eni-65e0aa4f",
                            "password_data": "",
                            "placement_group": "",
                            "primary_network_interface_id": "eni-65e0aa4f",
                            "private_dns": "ip-172-31-33-17.us-east-2.compute.internal",
                            "private_ip": "172.31.33.17",
                            "public_dns": "ec2-18-217-44-30.us-east-2.compute.amazonaws.com",
                            "public_ip": "18.217.44.30",
                            "root_block_device.#": "1",
                            "root_block_device.0.delete_on_termination": "true",
                            "root_block_device.0.iops": "100",
                            "root_block_device.0.volume_id": "vol-0e948b0aeab079fbe",
                            "root_block_device.0.volume_size": "8",
                            "root_block_device.0.volume_type": "gp2",
                            "security_groups.#": "1",
                            "security_groups.2200183879": "allow_all",
                            "source_dest_check": "true",
                            "subnet_id": "subnet-3030077d",
                            "tags.%": "1",
                            "tags.name": "tomact-7",
                            "tenancy": "default",
                            "volume_tags.%": "0",
                            "vpc_security_group_ids.#": "1",
                            "vpc_security_group_ids.3817746082": "sg-1e0ebc74"
                        },
                        "meta": {
                            "e2bfb730-ecaa-11e6-8f88-34363bc7c4c0": {
                                "create": 600000000000,
                                "delete": 1200000000000,
                                "update": 600000000000
                            },
                            "schema_version": "1"
                        },
                        "tainted": false
                    },
                    "deposed": [],
                    "provider": "provider.aws"
                },
                "aws_security_group.allow_all": {
                    "type": "aws_security_group",
                    "depends_on": [],
                    "primary": {
                        "id": "sg-1e0ebc74",
                        "attributes": {
                            "arn": "arn:aws:ec2:us-east-2:137778647113:security-group/sg-1e0ebc74",
                            "description": "Allow all inbound traffic",
                            "egress.#": "1",
                            "egress.482069346.cidr_blocks.#": "1",
                            "egress.482069346.cidr_blocks.0": "0.0.0.0/0",
                            "egress.482069346.description": "",
                            "egress.482069346.from_port": "0",
                            "egress.482069346.ipv6_cidr_blocks.#": "0",
                            "egress.482069346.prefix_list_ids.#": "0",
                            "egress.482069346.protocol": "-1",
                            "egress.482069346.security_groups.#": "0",
                            "egress.482069346.self": "false",
                            "egress.482069346.to_port": "0",
                            "id": "sg-1e0ebc74",
                            "ingress.#": "1",
                            "ingress.482069346.cidr_blocks.#": "1",
                            "ingress.482069346.cidr_blocks.0": "0.0.0.0/0",
                            "ingress.482069346.description": "",
                            "ingress.482069346.from_port": "0",
                            "ingress.482069346.ipv6_cidr_blocks.#": "0",
                            "ingress.482069346.protocol": "-1",
                            "ingress.482069346.security_groups.#": "0",
                            "ingress.482069346.self": "false",
                            "ingress.482069346.to_port": "0",
                            "name": "allow_all",
                            "owner_id": "137778647113",
                            "revoke_rules_on_delete": "false",
                            "tags.%": "0",
                            "vpc_id": "vpc-8374f6eb"
                        },
                        "meta": {
                            "e2bfb730-ecaa-11e6-8f88-34363bc7c4c0": {
                                "create": 600000000000,
                                "delete": 600000000000
                            },
                            "schema_version": "1"
                        },
                        "tainted": false
                    },
                    "deposed": [],
                    "provider": "provider.aws"
                }
            },
            "depends_on": []
        }
    ]
}
